{
  "originHash" : "5f34505081603958c8daf1f4c2302f54fdbeef48c6ad034b0979c75816076b9e",
  "pins" : [
    {
      "identity" : "mrtdreader",
      "kind" : "remoteSourceControl",
      "location" : "https://github.com/arsenstorm/MRTDReader",
      "state" : {
        "revision" : "d4e341efa8bdf2c5fa213176f4c64a2a7efed934",
        "version" : "4.0.4"
      }
    },
    {
      "identity" : "openssl-package",
      "kind" : "remoteSourceControl",
      "location" : "https://github.com/krzyzanowskim/OpenSSL-Package.git",
      "state" : {
        "revision" : "71dbe0b4514cdaad95961470db72e8231f5943a6",
        "version" : "3.3.3001"
      }
    }
  ],
  "version" : 3
}
